
Microsoft Visual Studio Solution File, Format Version 12.00
# Visual Studio Version 17
VisualStudioVersion = 17.2.32602.215
MinimumVisualStudioVersion = 10.0.40219.1
Project("{2150E333-8FDC-42A3-9474-1A3956D46DE8}") = "src", "src", "{16ABC5ED-950D-43AF-85A5-E7A82C643417}"
EndProject
Project("{2150E333-8FDC-42A3-9474-1A3956D46DE8}") = "tests", "tests", "{EB8BB5A4-F53D-427D-BCCC-B98FD31377A8}"
EndProject
Project("{9A19103F-16F7-4668-BE54-9A1E7A4F7556}") = "RocketLeagueTradingTools.Core", "src\RocketLeagueTradingTools.Core\RocketLeagueTradingTools.Core.csproj", "{260297E3-B678-492D-B73C-5B4223CE39CB}"
EndProject
Project("{9A19103F-16F7-4668-BE54-9A1E7A4F7556}") = "RocketLeagueTradingTools.Infrastructure", "src\RocketLeagueTradingTools.Infrastructure\RocketLeagueTradingTools.Infrastructure.csproj", "{4C2F48E8-5768-467E-8B8D-348E9F7845D9}"
EndProject
Project("{9A19103F-16F7-4668-BE54-9A1E7A4F7556}") = "RocketLeagueTradingTools.Scraper", "src\RocketLeagueTradingTools.Scraper\RocketLeagueTradingTools.Scraper.csproj", "{3940D36B-9BA4-4214-98E4-B82E6FDA6C07}"
EndProject
Project("{9A19103F-16F7-4668-BE54-9A1E7A4F7556}") = "RocketLeagueTradingTools.Core.UnitTests", "tests\RocketLeagueTradingTools.Core.UnitTests\RocketLeagueTradingTools.Core.UnitTests.csproj", "{F8BC4646-3893-48B4-B11A-F8727EAEBA31}"
EndProject
Project("{9A19103F-16F7-4668-BE54-9A1E7A4F7556}") = "RocketLeagueTradingTools.Infrastructure.UnitTests", "tests\RocketLeagueTradingTools.Infrastructure.UnitTests\RocketLeagueTradingTools.Infrastructure.UnitTests.csproj", "{883769B0-EB23-4151-B4C0-CF4294A3C560}"
EndProject
Project("{9A19103F-16F7-4668-BE54-9A1E7A4F7556}") = "RocketLeagueTradingTools.Infrastructure.IntegrationTests", "tests\RocketLeagueTradingTools.Infrastructure.IntegrationTests\RocketLeagueTradingTools.Infrastructure.IntegrationTests.csproj", "{E0076B4C-DEA7-494A-8D51-07B2FCA86987}"
EndProject
Project("{9A19103F-16F7-4668-BE54-9A1E7A4F7556}") = "RocketLeagueTradingTools.Web", "src\RocketLeagueTradingTools.Web\RocketLeagueTradingTools.Web.csproj", "{7F2165CD-8EAD-4515-8A48-236C43EAF81D}"
EndProject
Project("{9A19103F-16F7-4668-BE54-9A1E7A4F7556}") = "RocketLeagueTradingTools.Common", "src\RocketLeagueTradingTools.Common\RocketLeagueTradingTools.Common.csproj", "{453E117A-6483-420D-9036-3C3F5E239C80}"
EndProject
Project("{FAE04EC0-301F-11D3-BF4B-00C04F79EFBC}") = "RocketLeagueTradingTools.Common.UnitTests", "tests\RocketLeagueTradingTools.Common.UnitTests\RocketLeagueTradingTools.Common.UnitTests.csproj", "{0DA95AC0-DF31-49C1-A5C9-253AE223B1C5}"
EndProject
Global
	GlobalSection(SolutionConfigurationPlatforms) = preSolution
		Debug|Any CPU = Debug|Any CPU
		Release|Any CPU = Release|Any CPU
	EndGlobalSection
	GlobalSection(ProjectConfigurationPlatforms) = postSolution
		{260297E3-B678-492D-B73C-5B4223CE39CB}.Debug|Any CPU.ActiveCfg = Debug|Any CPU
		{260297E3-B678-492D-B73C-5B4223CE39CB}.Debug|Any CPU.Build.0 = Debug|Any CPU
		{260297E3-B678-492D-B73C-5B4223CE39CB}.Release|Any CPU.ActiveCfg = Release|Any CPU
		{260297E3-B678-492D-B73C-5B4223CE39CB}.Release|Any CPU.Build.0 = Release|Any CPU
		{4C2F48E8-5768-467E-8B8D-348E9F7845D9}.Debug|Any CPU.ActiveCfg = Debug|Any CPU
		{4C2F48E8-5768-467E-8B8D-348E9F7845D9}.Debug|Any CPU.Build.0 = Debug|Any CPU
		{4C2F48E8-5768-467E-8B8D-348E9F7845D9}.Release|Any CPU.ActiveCfg = Release|Any CPU
		{4C2F48E8-5768-467E-8B8D-348E9F7845D9}.Release|Any CPU.Build.0 = Release|Any CPU
		{3940D36B-9BA4-4214-98E4-B82E6FDA6C07}.Debug|Any CPU.ActiveCfg = Debug|Any CPU
		{3940D36B-9BA4-4214-98E4-B82E6FDA6C07}.Debug|Any CPU.Build.0 = Debug|Any CPU
		{3940D36B-9BA4-4214-98E4-B82E6FDA6C07}.Release|Any CPU.ActiveCfg = Release|Any CPU
		{3940D36B-9BA4-4214-98E4-B82E6FDA6C07}.Release|Any CPU.Build.0 = Release|Any CPU
		{F8BC4646-3893-48B4-B11A-F8727EAEBA31}.Debug|Any CPU.ActiveCfg = Debug|Any CPU
		{F8BC4646-3893-48B4-B11A-F8727EAEBA31}.Debug|Any CPU.Build.0 = Debug|Any CPU
		{F8BC4646-3893-48B4-B11A-F8727EAEBA31}.Release|Any CPU.ActiveCfg = Release|Any CPU
		{F8BC4646-3893-48B4-B11A-F8727EAEBA31}.Release|Any CPU.Build.0 = Release|Any CPU
		{883769B0-EB23-4151-B4C0-CF4294A3C560}.Debug|Any CPU.ActiveCfg = Debug|Any CPU
		{883769B0-EB23-4151-B4C0-CF4294A3C560}.Debug|Any CPU.Build.0 = Debug|Any CPU
		{883769B0-EB23-4151-B4C0-CF4294A3C560}.Release|Any CPU.ActiveCfg = Release|Any CPU
		{883769B0-EB23-4151-B4C0-CF4294A3C560}.Release|Any CPU.Build.0 = Release|Any CPU
		{E0076B4C-DEA7-494A-8D51-07B2FCA86987}.Debug|Any CPU.ActiveCfg = Debug|Any CPU
		{E0076B4C-DEA7-494A-8D51-07B2FCA86987}.Debug|Any CPU.Build.0 = Debug|Any CPU
		{E0076B4C-DEA7-494A-8D51-07B2FCA86987}.Release|Any CPU.ActiveCfg = Release|Any CPU
		{E0076B4C-DEA7-494A-8D51-07B2FCA86987}.Release|Any CPU.Build.0 = Release|Any CPU
		{7F2165CD-8EAD-4515-8A48-236C43EAF81D}.Debug|Any CPU.ActiveCfg = Debug|Any CPU
		{7F2165CD-8EAD-4515-8A48-236C43EAF81D}.Debug|Any CPU.Build.0 = Debug|Any CPU
		{7F2165CD-8EAD-4515-8A48-236C43EAF81D}.Release|Any CPU.ActiveCfg = Release|Any CPU
		{7F2165CD-8EAD-4515-8A48-236C43EAF81D}.Release|Any CPU.Build.0 = Release|Any CPU
		{453E117A-6483-420D-9036-3C3F5E239C80}.Debug|Any CPU.ActiveCfg = Debug|Any CPU
		{453E117A-6483-420D-9036-3C3F5E239C80}.Debug|Any CPU.Build.0 = Debug|Any CPU
		{453E117A-6483-420D-9036-3C3F5E239C80}.Release|Any CPU.ActiveCfg = Release|Any CPU
		{453E117A-6483-420D-9036-3C3F5E239C80}.Release|Any CPU.Build.0 = Release|Any CPU
		{0DA95AC0-DF31-49C1-A5C9-253AE223B1C5}.Debug|Any CPU.ActiveCfg = Debug|Any CPU
		{0DA95AC0-DF31-49C1-A5C9-253AE223B1C5}.Debug|Any CPU.Build.0 = Debug|Any CPU
		{0DA95AC0-DF31-49C1-A5C9-253AE223B1C5}.Release|Any CPU.ActiveCfg = Release|Any CPU
		{0DA95AC0-DF31-49C1-A5C9-253AE223B1C5}.Release|Any CPU.Build.0 = Release|Any CPU
	EndGlobalSection
	GlobalSection(SolutionProperties) = preSolution
		HideSolutionNode = FALSE
	EndGlobalSection
	GlobalSection(NestedProjects) = preSolution
		{260297E3-B678-492D-B73C-5B4223CE39CB} = {16ABC5ED-950D-43AF-85A5-E7A82C643417}
		{4C2F48E8-5768-467E-8B8D-348E9F7845D9} = {16ABC5ED-950D-43AF-85A5-E7A82C643417}
		{3940D36B-9BA4-4214-98E4-B82E6FDA6C07} = {16ABC5ED-950D-43AF-85A5-E7A82C643417}
		{F8BC4646-3893-48B4-B11A-F8727EAEBA31} = {EB8BB5A4-F53D-427D-BCCC-B98FD31377A8}
		{883769B0-EB23-4151-B4C0-CF4294A3C560} = {EB8BB5A4-F53D-427D-BCCC-B98FD31377A8}
		{E0076B4C-DEA7-494A-8D51-07B2FCA86987} = {EB8BB5A4-F53D-427D-BCCC-B98FD31377A8}
		{7F2165CD-8EAD-4515-8A48-236C43EAF81D} = {16ABC5ED-950D-43AF-85A5-E7A82C643417}
		{453E117A-6483-420D-9036-3C3F5E239C80} = {16ABC5ED-950D-43AF-85A5-E7A82C643417}
		{0DA95AC0-DF31-49C1-A5C9-253AE223B1C5} = {EB8BB5A4-F53D-427D-BCCC-B98FD31377A8}
	EndGlobalSection
	GlobalSection(ExtensibilityGlobals) = postSolution
		SolutionGuid = {22F53B5A-81CF-4883-999B-E833A69E8654}
	EndGlobalSection
EndGlobal
